# THIS IS AN AUTOGENERATED FILE. DO NOT EDIT THIS FILE DIRECTLY.
# yarn lockfile v1


font-awesome@^4.7.0:
  version "4.7.0"
  resolved "https://registry.yarnpkg.com/font-awesome/-/font-awesome-4.7.0.tgz#8fa8cf0411a1a31afd07b06d2902bb9fc815a133"
  integrity sha1-j6jPBBGhoxr9B7BtKQK7n8gVoTM=

html5shiv@^3.7.3:
  version "3.7.3"
  resolved "https://registry.yarnpkg.com/html5shiv/-/html5shiv-3.7.3.tgz#d78a84a367bcb9a710100d57802c387b084631d2"
  integrity sha1-14qEo2e8uacQEA1XgCw4ewhGMdI=

jquery-migrate@^3.1.0:
  version "3.1.0"
  resolved "https://registry.yarnpkg.com/jquery-migrate/-/jquery-migrate-3.1.0.tgz#8158de74cca39fb7fc2635db570151ae7ce3ddea"
  integrity sha512-u/MtE1ST2pCr3rCyouJG2xMiw/k3OzLNeRKprjKTeHUezCGr0DyEgeXFdqFLmQfxfR5EsVu+mGo/sCcYdiYcIQ==

jquery@^3.4.1:
  version "3.4.1"
  resolved "https://registry.yarnpkg.com/jquery/-/jquery-3.4.1.tgz#714f1f8d9dde4bdfa55764ba37ef214630d80ef2"
  integrity sha512-36+AdBzCL+y6qjw5Tx7HgzeGCzC81MDDgaUP8ld2zhx58HdqXGoBd+tHdrBMiyjGQs0Hxs/MLZTu/eHNJJuWPw==

mixitup@^3.3.1:
  version "3.3.1"
  resolved "https://registry.yarnpkg.com/mixitup/-/mixitup-3.3.1.tgz#6ca9b6fc3a202d237b8f3ce9c02f48ac976881f6"
  integrity sha512-5WlMzRNSAU5R1N/NlmOvmYxcZVgib3do5I0H+LO6e0ArI7GlNLMPoAANK7XOemuwJFZcJHIGvWDIPMK1jnWEqA==

normalize.css@^8.0.1:
  version "8.0.1"
  resolved "https://registry.yarnpkg.com/normalize.css/-/normalize.css-8.0.1.tgz#9b98a208738b9cc2634caacbc42d131c97487bf3"
  integrity sha512-qizSNPO93t1YUuUhP22btGOo3chcvDFqFaj2TRybP0DMxkHOCTYwp3n34fel4a31ORXy4m1Xq0Gyqpb5m33qIg==

respond.js@^1.4.2:
  version "1.4.2"
  resolved "https://registry.yarnpkg.com/respond.js/-/respond.js-1.4.2.tgz#fd5c07450acce6090916d8d090b86b672dd9748b"
  integrity sha1-/VwHRQrM5gkJFtjQkLhrZy3ZdIs=

selectivizr@^1.0.3:
  version "1.0.3"
  resolved "https://registry.yarnpkg.com/selectivizr/-/selectivizr-1.0.3.tgz#a38e86089f0bfa09f2ae1d4ed29cddc7be7c4f6e"
  integrity sha1-o46GCJ8L+gnyrh1O0pzdx758T24=

waypoints@^4.0.1:
  version "4.0.1"
  resolved "https://registry.yarnpkg.com/waypoints/-/waypoints-4.0.1.tgz#09979a0573810b29627cba4366a284a062ec69c8"
  integrity sha1-CZeaBXOBCylifLpDZqKEoGLsacg=
